{
  "version": 4,
  "terraform_version": "1.4.6",
  "serial": 9,
  "lineage": "6b6af264-f79f-f629-beb7-c95013d668dd",
  "outputs": {},
  "resources": [
    {
      "module": "module.s3_my_bucket_for_logs",
      "mode": "data",
      "type": "aws_caller_identity",
      "name": "current",
      "provider": "provider[\"registry.terraform.io/hashicorp/aws\"]",
      "instances": [
        {
          "schema_version": 0,
          "attributes": {
            "account_id": "117449571196",
            "arn": "arn:aws:iam::117449571196:user/awslearner",
            "id": "117449571196",
            "user_id": "AIDARWWEKHN6L3RZHTUFR"
          },
          "sensitive_attributes": []
        }
      ]
    },
    {
      "module": "module.s3_my_bucket_for_logs",
      "mode": "data",
      "type": "aws_canonical_user_id",
      "name": "this",
      "provider": "provider[\"registry.terraform.io/hashicorp/aws\"]",
      "instances": [
        {
          "schema_version": 0,
          "attributes": {
            "display_name": "",
            "id": "9b12191ddd8d8c9e3ee46887297fea186cc33a46957abcfb2161438013f74e75"
          },
          "sensitive_attributes": []
        }
      ]
    },
    {
      "module": "module.s3_my_bucket_for_logs",
      "mode": "data",
      "type": "aws_iam_policy_document",
      "name": "combined",
      "provider": "provider[\"registry.terraform.io/hashicorp/aws\"]",
      "instances": [
        {
          "index_key": 0,
          "schema_version": 0,
          "attributes": {
            "id": "1708781896",
            "json": "{\n  \"Version\": \"2012-10-17\",\n  \"Statement\": [\n    {\n      \"Sid\": \"ELBRegionAp-South-1\",\n      \"Effect\": \"Allow\",\n      \"Action\": \"s3:PutObject\",\n      \"Resource\": \"arn:aws:s3:::my-s3-my-bucket-for-logs/*\",\n      \"Principal\": {\n        \"AWS\": \"arn:aws:iam::718504428378:root\"\n      }\n    },\n    {\n      \"Effect\": \"Allow\",\n      \"Action\": \"s3:PutObject\",\n      \"Resource\": \"arn:aws:s3:::my-s3-my-bucket-for-logs/*\",\n      \"Principal\": {\n        \"Service\": \"logdelivery.elasticloadbalancing.amazonaws.com\"\n      }\n    }\n  ]\n}",
            "override_policy_documents": null,
            "policy_id": null,
            "source_policy_documents": [
              "{\n  \"Version\": \"2012-10-17\",\n  \"Statement\": [\n    {\n      \"Sid\": \"ELBRegionAp-South-1\",\n      \"Effect\": \"Allow\",\n      \"Action\": \"s3:PutObject\",\n      \"Resource\": \"arn:aws:s3:::my-s3-my-bucket-for-logs/*\",\n      \"Principal\": {\n        \"AWS\": \"arn:aws:iam::718504428378:root\"\n      }\n    },\n    {\n      \"Effect\": \"Allow\",\n      \"Action\": \"s3:PutObject\",\n      \"Resource\": \"arn:aws:s3:::my-s3-my-bucket-for-logs/*\",\n      \"Principal\": {\n        \"Service\": \"logdelivery.elasticloadbalancing.amazonaws.com\"\n      }\n    }\n  ]\n}"
            ],
            "statement": null,
            "version": "2012-10-17"
          },
          "sensitive_attributes": []
        }
      ]
    },
    {
      "module": "module.s3_my_bucket_for_logs",
      "mode": "data",
      "type": "aws_iam_policy_document",
      "name": "elb_log_delivery",
      "provider": "provider[\"registry.terraform.io/hashicorp/aws\"]",
      "instances": [
        {
          "index_key": 0,
          "schema_version": 0,
          "attributes": {
            "id": "1708781896",
            "json": "{\n  \"Version\": \"2012-10-17\",\n  \"Statement\": [\n    {\n      \"Sid\": \"ELBRegionAp-South-1\",\n      \"Effect\": \"Allow\",\n      \"Action\": \"s3:PutObject\",\n      \"Resource\": \"arn:aws:s3:::my-s3-my-bucket-for-logs/*\",\n      \"Principal\": {\n        \"AWS\": \"arn:aws:iam::718504428378:root\"\n      }\n    },\n    {\n      \"Effect\": \"Allow\",\n      \"Action\": \"s3:PutObject\",\n      \"Resource\": \"arn:aws:s3:::my-s3-my-bucket-for-logs/*\",\n      \"Principal\": {\n        \"Service\": \"logdelivery.elasticloadbalancing.amazonaws.com\"\n      }\n    }\n  ]\n}",
            "override_policy_documents": null,
            "policy_id": null,
            "source_policy_documents": null,
            "statement": [
              {
                "actions": [
                  "s3:PutObject"
                ],
                "condition": [],
                "effect": "Allow",
                "not_actions": [],
                "not_principals": [],
                "not_resources": [],
                "principals": [
                  {
                    "identifiers": [
                      "arn:aws:iam::718504428378:root"
                    ],
                    "type": "AWS"
                  }
                ],
                "resources": [
                  "arn:aws:s3:::my-s3-my-bucket-for-logs/*"
                ],
                "sid": "ELBRegionAp-South-1"
              },
              {
                "actions": [
                  "s3:PutObject"
                ],
                "condition": [],
                "effect": "Allow",
                "not_actions": [],
                "not_principals": [],
                "not_resources": [],
                "principals": [
                  {
                    "identifiers": [
                      "logdelivery.elasticloadbalancing.amazonaws.com"
                    ],
                    "type": "Service"
                  }
                ],
                "resources": [
                  "arn:aws:s3:::my-s3-my-bucket-for-logs/*"
                ],
                "sid": ""
              }
            ],
            "version": "2012-10-17"
          },
          "sensitive_attributes": []
        }
      ]
    },
    {
      "module": "module.s3_my_bucket_for_logs",
      "mode": "data",
      "type": "aws_partition",
      "name": "current",
      "provider": "provider[\"registry.terraform.io/hashicorp/aws\"]",
      "instances": [
        {
          "schema_version": 0,
          "attributes": {
            "dns_suffix": "amazonaws.com",
            "id": "aws",
            "partition": "aws",
            "reverse_dns_prefix": "com.amazonaws"
          },
          "sensitive_attributes": []
        }
      ]
    },
    {
      "module": "module.s3_my_bucket_for_logs",
      "mode": "data",
      "type": "aws_region",
      "name": "current",
      "provider": "provider[\"registry.terraform.io/hashicorp/aws\"]",
      "instances": [
        {
          "schema_version": 0,
          "attributes": {
            "description": "Asia Pacific (Mumbai)",
            "endpoint": "ec2.ap-south-1.amazonaws.com",
            "id": "ap-south-1",
            "name": "ap-south-1"
          },
          "sensitive_attributes": []
        }
      ]
    },
    {
      "module": "module.s3_my_bucket_for_logs",
      "mode": "managed",
      "type": "aws_s3_bucket",
      "name": "this",
      "provider": "provider[\"registry.terraform.io/hashicorp/aws\"]",
      "instances": [
        {
          "index_key": 0,
          "schema_version": 0,
          "attributes": {
            "acceleration_status": "",
            "acl": null,
            "arn": "arn:aws:s3:::my-s3-my-bucket-for-logs",
            "bucket": "my-s3-my-bucket-for-logs",
            "bucket_domain_name": "my-s3-my-bucket-for-logs.s3.amazonaws.com",
            "bucket_prefix": "",
            "bucket_regional_domain_name": "my-s3-my-bucket-for-logs.s3.ap-south-1.amazonaws.com",
            "cors_rule": [],
            "force_destroy": true,
            "grant": [
              {
                "id": "9b12191ddd8d8c9e3ee46887297fea186cc33a46957abcfb2161438013f74e75",
                "permissions": [
                  "FULL_CONTROL"
                ],
                "type": "CanonicalUser",
                "uri": ""
              }
            ],
            "hosted_zone_id": "Z11RGJOFQNVJUP",
            "id": "my-s3-my-bucket-for-logs",
            "lifecycle_rule": [],
            "logging": [],
            "object_lock_configuration": [],
            "object_lock_enabled": false,
            "policy": "",
            "region": "ap-south-1",
            "replication_configuration": [],
            "request_payer": "BucketOwner",
            "server_side_encryption_configuration": [
              {
                "rule": [
                  {
                    "apply_server_side_encryption_by_default": [
                      {
                        "kms_master_key_id": "",
                        "sse_algorithm": "AES256"
                      }
                    ],
                    "bucket_key_enabled": false
                  }
                ]
              }
            ],
            "tags": null,
            "tags_all": {},
            "timeouts": null,
            "versioning": [
              {
                "enabled": false,
                "mfa_delete": false
              }
            ],
            "website": [],
            "website_domain": null,
            "website_endpoint": null
          },
          "sensitive_attributes": [],
          "private": "eyJlMmJmYjczMC1lY2FhLTExZTYtOGY4OC0zNDM2M2JjN2M0YzAiOnsiY3JlYXRlIjoxMjAwMDAwMDAwMDAwLCJkZWxldGUiOjM2MDAwMDAwMDAwMDAsInJlYWQiOjEyMDAwMDAwMDAwMDAsInVwZGF0ZSI6MTIwMDAwMDAwMDAwMH19"
        }
      ]
    },
    {
      "module": "module.s3_my_bucket_for_logs",
      "mode": "managed",
      "type": "aws_s3_bucket_acl",
      "name": "this",
      "provider": "provider[\"registry.terraform.io/hashicorp/aws\"]",
      "instances": [
        {
          "index_key": 0,
          "schema_version": 0,
          "attributes": {
            "access_control_policy": [
              {
                "grant": [
                  {
                    "grantee": [
                      {
                        "display_name": "",
                        "email_address": "",
                        "id": "",
                        "type": "Group",
                        "uri": "http://acs.amazonaws.com/groups/s3/LogDelivery"
                      }
                    ],
                    "permission": "READ_ACP"
                  },
                  {
                    "grantee": [
                      {
                        "display_name": "",
                        "email_address": "",
                        "id": "",
                        "type": "Group",
                        "uri": "http://acs.amazonaws.com/groups/s3/LogDelivery"
                      }
                    ],
                    "permission": "WRITE"
                  },
                  {
                    "grantee": [
                      {
                        "display_name": "",
                        "email_address": "",
                        "id": "9b12191ddd8d8c9e3ee46887297fea186cc33a46957abcfb2161438013f74e75",
                        "type": "CanonicalUser",
                        "uri": ""
                      }
                    ],
                    "permission": "FULL_CONTROL"
                  }
                ],
                "owner": [
                  {
                    "display_name": "",
                    "id": "9b12191ddd8d8c9e3ee46887297fea186cc33a46957abcfb2161438013f74e75"
                  }
                ]
              }
            ],
            "acl": "log-delivery-write",
            "bucket": "my-s3-my-bucket-for-logs",
            "expected_bucket_owner": "",
            "id": "my-s3-my-bucket-for-logs,log-delivery-write"
          },
          "sensitive_attributes": [],
          "private": "bnVsbA==",
          "dependencies": [
            "module.s3_my_bucket_for_logs.aws_s3_bucket.this",
            "module.s3_my_bucket_for_logs.aws_s3_bucket_ownership_controls.this",
            "module.s3_my_bucket_for_logs.aws_s3_bucket_policy.this",
            "module.s3_my_bucket_for_logs.aws_s3_bucket_public_access_block.this",
            "module.s3_my_bucket_for_logs.data.aws_canonical_user_id.this",
            "module.s3_my_bucket_for_logs.data.aws_iam_policy_document.access_log_delivery",
            "module.s3_my_bucket_for_logs.data.aws_iam_policy_document.combined",
            "module.s3_my_bucket_for_logs.data.aws_iam_policy_document.deny_insecure_transport",
            "module.s3_my_bucket_for_logs.data.aws_iam_policy_document.elb_log_delivery",
            "module.s3_my_bucket_for_logs.data.aws_iam_policy_document.inventory_and_analytics_destination_policy",
            "module.s3_my_bucket_for_logs.data.aws_iam_policy_document.lb_log_delivery",
            "module.s3_my_bucket_for_logs.data.aws_iam_policy_document.require_latest_tls",
            "module.s3_my_bucket_for_logs.data.aws_partition.current",
            "module.s3_my_bucket_for_logs.data.aws_region.current"
          ]
        }
      ]
    },
    {
      "module": "module.s3_my_bucket_for_logs",
      "mode": "managed",
      "type": "aws_s3_bucket_ownership_controls",
      "name": "this",
      "provider": "provider[\"registry.terraform.io/hashicorp/aws\"]",
      "instances": [
        {
          "index_key": 0,
          "schema_version": 0,
          "attributes": {
            "bucket": "my-s3-my-bucket-for-logs",
            "id": "my-s3-my-bucket-for-logs",
            "rule": [
              {
                "object_ownership": "ObjectWriter"
              }
            ]
          },
          "sensitive_attributes": [],
          "private": "bnVsbA==",
          "dependencies": [
            "module.s3_my_bucket_for_logs.aws_s3_bucket.this",
            "module.s3_my_bucket_for_logs.aws_s3_bucket_policy.this",
            "module.s3_my_bucket_for_logs.aws_s3_bucket_public_access_block.this",
            "module.s3_my_bucket_for_logs.data.aws_iam_policy_document.access_log_delivery",
            "module.s3_my_bucket_for_logs.data.aws_iam_policy_document.combined",
            "module.s3_my_bucket_for_logs.data.aws_iam_policy_document.deny_insecure_transport",
            "module.s3_my_bucket_for_logs.data.aws_iam_policy_document.elb_log_delivery",
            "module.s3_my_bucket_for_logs.data.aws_iam_policy_document.inventory_and_analytics_destination_policy",
            "module.s3_my_bucket_for_logs.data.aws_iam_policy_document.lb_log_delivery",
            "module.s3_my_bucket_for_logs.data.aws_iam_policy_document.require_latest_tls",
            "module.s3_my_bucket_for_logs.data.aws_partition.current",
            "module.s3_my_bucket_for_logs.data.aws_region.current"
          ]
        }
      ]
    },
    {
      "module": "module.s3_my_bucket_for_logs",
      "mode": "managed",
      "type": "aws_s3_bucket_policy",
      "name": "this",
      "provider": "provider[\"registry.terraform.io/hashicorp/aws\"]",
      "instances": [
        {
          "index_key": 0,
          "schema_version": 0,
          "attributes": {
            "bucket": "my-s3-my-bucket-for-logs",
            "id": "my-s3-my-bucket-for-logs",
            "policy": "{\"Statement\":[{\"Action\":\"s3:PutObject\",\"Effect\":\"Allow\",\"Principal\":{\"AWS\":\"arn:aws:iam::718504428378:root\"},\"Resource\":\"arn:aws:s3:::my-s3-my-bucket-for-logs/*\",\"Sid\":\"ELBRegionAp-South-1\"},{\"Action\":\"s3:PutObject\",\"Effect\":\"Allow\",\"Principal\":{\"Service\":\"logdelivery.elasticloadbalancing.amazonaws.com\"},\"Resource\":\"arn:aws:s3:::my-s3-my-bucket-for-logs/*\"}],\"Version\":\"2012-10-17\"}"
          },
          "sensitive_attributes": [],
          "private": "bnVsbA==",
          "dependencies": [
            "module.s3_my_bucket_for_logs.aws_s3_bucket.this",
            "module.s3_my_bucket_for_logs.aws_s3_bucket_public_access_block.this",
            "module.s3_my_bucket_for_logs.data.aws_iam_policy_document.access_log_delivery",
            "module.s3_my_bucket_for_logs.data.aws_iam_policy_document.combined",
            "module.s3_my_bucket_for_logs.data.aws_iam_policy_document.deny_insecure_transport",
            "module.s3_my_bucket_for_logs.data.aws_iam_policy_document.elb_log_delivery",
            "module.s3_my_bucket_for_logs.data.aws_iam_policy_document.inventory_and_analytics_destination_policy",
            "module.s3_my_bucket_for_logs.data.aws_iam_policy_document.lb_log_delivery",
            "module.s3_my_bucket_for_logs.data.aws_iam_policy_document.require_latest_tls",
            "module.s3_my_bucket_for_logs.data.aws_partition.current",
            "module.s3_my_bucket_for_logs.data.aws_region.current"
          ]
        }
      ]
    },
    {
      "module": "module.s3_my_bucket_for_logs",
      "mode": "managed",
      "type": "aws_s3_bucket_public_access_block",
      "name": "this",
      "provider": "provider[\"registry.terraform.io/hashicorp/aws\"]",
      "instances": [
        {
          "index_key": 0,
          "schema_version": 0,
          "attributes": {
            "block_public_acls": true,
            "block_public_policy": true,
            "bucket": "my-s3-my-bucket-for-logs",
            "id": "my-s3-my-bucket-for-logs",
            "ignore_public_acls": true,
            "restrict_public_buckets": true
          },
          "sensitive_attributes": [],
          "private": "bnVsbA==",
          "dependencies": [
            "module.s3_my_bucket_for_logs.aws_s3_bucket.this"
          ]
        }
      ]
    }
  ],
  "check_results": null
}
